
Microsoft Visual Studio Solution File, Format Version 12.00
# Visual Studio 15
VisualStudioVersion = 15.0.26730.16
MinimumVisualStudioVersion = 10.0.40219.1
Project("{FAE04EC0-301F-11D3-BF4B-00C04F79EFBC}") = "Learning site", "Learning site\Learning site.csproj", "{057D56AF-D94E-4785-9E74-88C2AE7D5DF0}"
EndProject
Global
	GlobalSection(SolutionConfigurationPlatforms) = preSolution
		Debug|Any CPU = Debug|Any CPU
		Release|Any CPU = Release|Any CPU
	EndGlobalSection
	GlobalSection(ProjectConfigurationPlatforms) = postSolution
		{057D56AF-D94E-4785-9E74-88C2AE7D5DF0}.Debug|Any CPU.ActiveCfg = Debug|Any CPU
		{057D56AF-D94E-4785-9E74-88C2AE7D5DF0}.Debug|Any CPU.Build.0 = Debug|Any CPU
		{057D56AF-D94E-4785-9E74-88C2AE7D5DF0}.Release|Any CPU.ActiveCfg = Release|Any CPU
		{057D56AF-D94E-4785-9E74-88C2AE7D5DF0}.Release|Any CPU.Build.0 = Release|Any CPU
	EndGlobalSection
	GlobalSection(SolutionProperties) = preSolution
		HideSolutionNode = FALSE
	EndGlobalSection
	GlobalSection(ExtensibilityGlobals) = postSolution
		SolutionGuid = {4A11E275-7568-4577-A010-03CEE0A8A6EB}
	EndGlobalSection
EndGlobal
